
Microsoft Visual Studio Solution File, Format Version 12.00
# Visual Studio Version 16
VisualStudioVersion = 16.0.31605.320
MinimumVisualStudioVersion = 10.0.40219.1
Project("{FAE04EC0-301F-11D3-BF4B-00C04F79EFBC}") = "Back-Market-Vinci", "Back-Market-Vinci.csproj", "{96C389CC-EC05-429C-B659-7C82A938DEE6}"
EndProject
Global
	GlobalSection(SolutionConfigurationPlatforms) = preSolution
		Debug|Any CPU = Debug|Any CPU
		Release|Any CPU = Release|Any CPU
	EndGlobalSection
	GlobalSection(ProjectConfigurationPlatforms) = postSolution
		{96C389CC-EC05-429C-B659-7C82A938DEE6}.Debug|Any CPU.ActiveCfg = Debug|Any CPU
		{96C389CC-EC05-429C-B659-7C82A938DEE6}.Debug|Any CPU.Build.0 = Debug|Any CPU
		{96C389CC-EC05-429C-B659-7C82A938DEE6}.Release|Any CPU.ActiveCfg = Release|Any CPU
		{96C389CC-EC05-429C-B659-7C82A938DEE6}.Release|Any CPU.Build.0 = Release|Any CPU
	EndGlobalSection
	GlobalSection(SolutionProperties) = preSolution
		HideSolutionNode = FALSE
	EndGlobalSection
	GlobalSection(ExtensibilityGlobals) = postSolution
		SolutionGuid = {0417F752-0291-4087-A563-B2A0C3D8ED12}
	EndGlobalSection
EndGlobal
